
Microsoft Visual Studio Solution File, Format Version 12.00
# Visual Studio 15
VisualStudioVersion = 15.0.27004.2002
MinimumVisualStudioVersion = 10.0.40219.1
Project("{FAE04EC0-301F-11D3-BF4B-00C04F79EFBC}") = "Inheritance_and_polimorphism_2", "Inheritance_and_polimorphism_2\Inheritance_and_polimorphism_2.csproj", "{75A7DD2B-C94B-4C3B-ADA9-FEB8CAE2F46B}"
EndProject
Global
	GlobalSection(SolutionConfigurationPlatforms) = preSolution
		Debug|Any CPU = Debug|Any CPU
		Release|Any CPU = Release|Any CPU
	EndGlobalSection
	GlobalSection(ProjectConfigurationPlatforms) = postSolution
		{75A7DD2B-C94B-4C3B-ADA9-FEB8CAE2F46B}.Debug|Any CPU.ActiveCfg = Debug|Any CPU
		{75A7DD2B-C94B-4C3B-ADA9-FEB8CAE2F46B}.Debug|Any CPU.Build.0 = Debug|Any CPU
		{75A7DD2B-C94B-4C3B-ADA9-FEB8CAE2F46B}.Release|Any CPU.ActiveCfg = Release|Any CPU
		{75A7DD2B-C94B-4C3B-ADA9-FEB8CAE2F46B}.Release|Any CPU.Build.0 = Release|Any CPU
	EndGlobalSection
	GlobalSection(SolutionProperties) = preSolution
		HideSolutionNode = FALSE
	EndGlobalSection
	GlobalSection(ExtensibilityGlobals) = postSolution
		SolutionGuid = {43BC1BAE-D116-48BC-A6E8-9A864239BD3C}
	EndGlobalSection
EndGlobal
